
Microsoft Visual Studio Solution File, Format Version 12.00
# Visual Studio Version 17
VisualStudioVersion = 17.11.35222.181
MinimumVisualStudioVersion = 10.0.40219.1
Project("{FAE04EC0-301F-11D3-BF4B-00C04F79EFBC}") = "BlazorApp1", "BlazorApp1\BlazorApp1.csproj", "{5A5763D1-B10B-46EC-BF03-E32B15DB3393}"
EndProject
Global
	GlobalSection(SolutionConfigurationPlatforms) = preSolution
		Debug|Any CPU = Debug|Any CPU
		Release|Any CPU = Release|Any CPU
	EndGlobalSection
	GlobalSection(ProjectConfigurationPlatforms) = postSolution
		{5A5763D1-B10B-46EC-BF03-E32B15DB3393}.Debug|Any CPU.ActiveCfg = Debug|Any CPU
		{5A5763D1-B10B-46EC-BF03-E32B15DB3393}.Debug|Any CPU.Build.0 = Debug|Any CPU
		{5A5763D1-B10B-46EC-BF03-E32B15DB3393}.Release|Any CPU.ActiveCfg = Release|Any CPU
		{5A5763D1-B10B-46EC-BF03-E32B15DB3393}.Release|Any CPU.Build.0 = Release|Any CPU
	EndGlobalSection
	GlobalSection(SolutionProperties) = preSolution
		HideSolutionNode = FALSE
	EndGlobalSection
	GlobalSection(ExtensibilityGlobals) = postSolution
		SolutionGuid = {7CD8D620-EAF6-4BC2-AF5F-DFC1E3D7E3DD}
	EndGlobalSection
EndGlobal
